
Microsoft Visual Studio Solution File, Format Version 12.00
# Visual Studio Version 17
VisualStudioVersion = 17.9.34607.119
MinimumVisualStudioVersion = 10.0.40219.1
Project("{FAE04EC0-301F-11D3-BF4B-00C04F79EFBC}") = "AuthorizationDemo", "AuthorizationDemo\AuthorizationDemo\AuthorizationDemo.csproj", "{2A3F86F0-3B60-4EBC-A9C2-978A07D6E7BC}"
EndProject
Project("{FAE04EC0-301F-11D3-BF4B-00C04F79EFBC}") = "AuthorizationDemo.Client", "AuthorizationDemo\AuthorizationDemo.Client\AuthorizationDemo.Client.csproj", "{360521B4-0E79-4A89-AF45-BD5A7C5BE64B}"
EndProject
Global
	GlobalSection(SolutionConfigurationPlatforms) = preSolution
		Debug|Any CPU = Debug|Any CPU
		Release|Any CPU = Release|Any CPU
	EndGlobalSection
	GlobalSection(ProjectConfigurationPlatforms) = postSolution
		{2A3F86F0-3B60-4EBC-A9C2-978A07D6E7BC}.Debug|Any CPU.ActiveCfg = Debug|Any CPU
		{2A3F86F0-3B60-4EBC-A9C2-978A07D6E7BC}.Debug|Any CPU.Build.0 = Debug|Any CPU
		{2A3F86F0-3B60-4EBC-A9C2-978A07D6E7BC}.Release|Any CPU.ActiveCfg = Release|Any CPU
		{2A3F86F0-3B60-4EBC-A9C2-978A07D6E7BC}.Release|Any CPU.Build.0 = Release|Any CPU
		{360521B4-0E79-4A89-AF45-BD5A7C5BE64B}.Debug|Any CPU.ActiveCfg = Debug|Any CPU
		{360521B4-0E79-4A89-AF45-BD5A7C5BE64B}.Debug|Any CPU.Build.0 = Debug|Any CPU
		{360521B4-0E79-4A89-AF45-BD5A7C5BE64B}.Release|Any CPU.ActiveCfg = Release|Any CPU
		{360521B4-0E79-4A89-AF45-BD5A7C5BE64B}.Release|Any CPU.Build.0 = Release|Any CPU
	EndGlobalSection
	GlobalSection(SolutionProperties) = preSolution
		HideSolutionNode = FALSE
	EndGlobalSection
	GlobalSection(ExtensibilityGlobals) = postSolution
		SolutionGuid = {1083ACA6-9A32-4058-A982-C9B40434D54C}
	EndGlobalSection
EndGlobal
